
Microsoft Visual Studio Solution File, Format Version 12.00
# Visual Studio Version 17
VisualStudioVersion = 17.10.34928.147
MinimumVisualStudioVersion = 10.0.40219.1
Project("{FAE04EC0-301F-11D3-BF4B-00C04F79EFBC}") = "Anonimowe obiekty", "Anonimowe obiekty\Anonimowe obiekty.csproj", "{F87C1E0F-6E4A-46CC-BEAD-72C13B318CE6}"
EndProject
Global
	GlobalSection(SolutionConfigurationPlatforms) = preSolution
		Debug|Any CPU = Debug|Any CPU
		Release|Any CPU = Release|Any CPU
	EndGlobalSection
	GlobalSection(ProjectConfigurationPlatforms) = postSolution
		{F87C1E0F-6E4A-46CC-BEAD-72C13B318CE6}.Debug|Any CPU.ActiveCfg = Debug|Any CPU
		{F87C1E0F-6E4A-46CC-BEAD-72C13B318CE6}.Debug|Any CPU.Build.0 = Debug|Any CPU
		{F87C1E0F-6E4A-46CC-BEAD-72C13B318CE6}.Release|Any CPU.ActiveCfg = Release|Any CPU
		{F87C1E0F-6E4A-46CC-BEAD-72C13B318CE6}.Release|Any CPU.Build.0 = Release|Any CPU
	EndGlobalSection
	GlobalSection(SolutionProperties) = preSolution
		HideSolutionNode = FALSE
	EndGlobalSection
	GlobalSection(ExtensibilityGlobals) = postSolution
		SolutionGuid = {611F8C3B-5109-478E-8A9B-5D89B969C8DF}
	EndGlobalSection
EndGlobal
